
Microsoft Visual Studio Solution File, Format Version 12.00
# Visual Studio 15
VisualStudioVersion = 15.0.28010.2050
MinimumVisualStudioVersion = 10.0.40219.1
Project("{FAE04EC0-301F-11D3-BF4B-00C04F79EFBC}") = "Practica1", "Practica1\Practica1.csproj", "{94D4A81A-B488-4CCA-8C51-0FBC781E690E}"
EndProject
Project("{FAE04EC0-301F-11D3-BF4B-00C04F79EFBC}") = "Practica2", "Practica2\Practica2.csproj", "{3F846B8B-50A7-4733-ADC1-DF2295F65725}"
EndProject
Project("{FAE04EC0-301F-11D3-BF4B-00C04F79EFBC}") = "Practica3", "Practica3\Practica3.csproj", "{6721EC4A-5A37-44A1-BDDF-3E3A5F3A37C4}"
EndProject
Project("{FAE04EC0-301F-11D3-BF4B-00C04F79EFBC}") = "Practica4", "D:\PRACTICA 4 2020\Practica4\Practica4\Practica4.csproj", "{449D0122-5219-48CF-9AC6-1920771DAE43}"
EndProject
Global
	GlobalSection(SolutionConfigurationPlatforms) = preSolution
		Debug|Any CPU = Debug|Any CPU
		Release|Any CPU = Release|Any CPU
	EndGlobalSection
	GlobalSection(ProjectConfigurationPlatforms) = postSolution
		{94D4A81A-B488-4CCA-8C51-0FBC781E690E}.Debug|Any CPU.ActiveCfg = Debug|Any CPU
		{94D4A81A-B488-4CCA-8C51-0FBC781E690E}.Debug|Any CPU.Build.0 = Debug|Any CPU
		{94D4A81A-B488-4CCA-8C51-0FBC781E690E}.Release|Any CPU.ActiveCfg = Release|Any CPU
		{94D4A81A-B488-4CCA-8C51-0FBC781E690E}.Release|Any CPU.Build.0 = Release|Any CPU
		{3F846B8B-50A7-4733-ADC1-DF2295F65725}.Debug|Any CPU.ActiveCfg = Debug|Any CPU
		{3F846B8B-50A7-4733-ADC1-DF2295F65725}.Debug|Any CPU.Build.0 = Debug|Any CPU
		{3F846B8B-50A7-4733-ADC1-DF2295F65725}.Release|Any CPU.ActiveCfg = Release|Any CPU
		{3F846B8B-50A7-4733-ADC1-DF2295F65725}.Release|Any CPU.Build.0 = Release|Any CPU
		{6721EC4A-5A37-44A1-BDDF-3E3A5F3A37C4}.Debug|Any CPU.ActiveCfg = Debug|Any CPU
		{6721EC4A-5A37-44A1-BDDF-3E3A5F3A37C4}.Debug|Any CPU.Build.0 = Debug|Any CPU
		{6721EC4A-5A37-44A1-BDDF-3E3A5F3A37C4}.Release|Any CPU.ActiveCfg = Release|Any CPU
		{6721EC4A-5A37-44A1-BDDF-3E3A5F3A37C4}.Release|Any CPU.Build.0 = Release|Any CPU
		{449D0122-5219-48CF-9AC6-1920771DAE43}.Debug|Any CPU.ActiveCfg = Debug|Any CPU
		{449D0122-5219-48CF-9AC6-1920771DAE43}.Debug|Any CPU.Build.0 = Debug|Any CPU
		{449D0122-5219-48CF-9AC6-1920771DAE43}.Release|Any CPU.ActiveCfg = Release|Any CPU
		{449D0122-5219-48CF-9AC6-1920771DAE43}.Release|Any CPU.Build.0 = Release|Any CPU
	EndGlobalSection
	GlobalSection(SolutionProperties) = preSolution
		HideSolutionNode = FALSE
	EndGlobalSection
	GlobalSection(ExtensibilityGlobals) = postSolution
		SolutionGuid = {5099F4ED-5627-4DE6-91D7-747307CBFB01}
	EndGlobalSection
EndGlobal
