
Microsoft Visual Studio Solution File, Format Version 12.00
# Visual Studio 15
VisualStudioVersion = 15.0.28010.2050
MinimumVisualStudioVersion = 10.0.40219.1
Project("{FAE04EC0-301F-11D3-BF4B-00C04F79EFBC}") = "PRACTICA_PARA_EXAMEN", "PRACTICA_PARA_EXAMEN\PRACTICA_PARA_EXAMEN.csproj", "{D05CA368-E699-4E6B-B4EB-47BFC535BE75}"
EndProject
Global
	GlobalSection(SolutionConfigurationPlatforms) = preSolution
		Debug|Any CPU = Debug|Any CPU
		Release|Any CPU = Release|Any CPU
	EndGlobalSection
	GlobalSection(ProjectConfigurationPlatforms) = postSolution
		{D05CA368-E699-4E6B-B4EB-47BFC535BE75}.Debug|Any CPU.ActiveCfg = Debug|Any CPU
		{D05CA368-E699-4E6B-B4EB-47BFC535BE75}.Debug|Any CPU.Build.0 = Debug|Any CPU
		{D05CA368-E699-4E6B-B4EB-47BFC535BE75}.Release|Any CPU.ActiveCfg = Release|Any CPU
		{D05CA368-E699-4E6B-B4EB-47BFC535BE75}.Release|Any CPU.Build.0 = Release|Any CPU
	EndGlobalSection
	GlobalSection(SolutionProperties) = preSolution
		HideSolutionNode = FALSE
	EndGlobalSection
	GlobalSection(ExtensibilityGlobals) = postSolution
		SolutionGuid = {2F191BAE-F3AD-4B5F-8F80-1B132ED16020}
	EndGlobalSection
EndGlobal
